
Microsoft Visual Studio Solution File, Format Version 12.00
# Visual Studio Version 17
VisualStudioVersion = 17.0.31903.59
MinimumVisualStudioVersion = 10.0.40219.1
Project("{2150E333-8FDC-42A3-9474-1A3956D46DE8}") = "client", "client", "{90A04D01-3BC9-4D1A-93C9-41D822215892}"
EndProject
Project("{39E2626F-3545-4960-A6E8-258AD8476CE5}") = "android-client.Packaging", "src\client\android-client.Packaging\android-client.Packaging.androidproj", "{B1F6C688-C962-450B-A64F-CD46E3C61B88}"
EndProject
Project("{8BC9CEB8-8B4A-11D0-8D11-00A0C91BC942}") = "android-client.NativeActivity", "src\client\android-client.NativeActivity\android-client.NativeActivity.vcxproj", "{B99E6339-699B-4076-9859-749B394D2690}"
EndProject
Project("{8BC9CEB8-8B4A-11D0-8D11-00A0C91BC942}") = "windows-client.Executable", "src\client\windows-client.Executable\windows-client.Executable.vcxproj", "{BF3F4A78-38AC-41D9-82B9-B985399AFD49}"
EndProject
Project("{8BC9CEB8-8B4A-11D0-8D11-00A0C91BC942}") = "universal-engine", "src\engine\universal-engine.vcxitems", "{CA2A1CB3-E76D-4A44-9C44-0B5EB0426CF0}"
EndProject
Project("{2150E333-8FDC-42A3-9474-1A3956D46DE8}") = "engine", "engine", "{8F9CC9DE-4C43-4081-AB36-B69A72CB954E}"
EndProject
Project("{2150E333-8FDC-42A3-9474-1A3956D46DE8}") = "files", "files", "{ADFD47D8-E4E5-40BA-8CF9-2628C8F7275E}"
	ProjectSection(SolutionItems) = preProject
		README.md = README.md
	EndProjectSection
EndProject
Project("{8BC9CEB8-8B4A-11D0-8D11-00A0C91BC942}") = "tests", "tests\tests.vcxproj", "{1E173D04-266F-4279-AC66-340400219408}"
EndProject
Global
	GlobalSection(SharedMSBuildProjectFiles) = preSolution
		src\engine\universal-engine.vcxitems*{b99e6339-699b-4076-9859-749b394d2690}*SharedItemsImports = 4
		src\engine\universal-engine.vcxitems*{bf3f4a78-38ac-41d9-82b9-b985399afd49}*SharedItemsImports = 4
		src\engine\universal-engine.vcxitems*{ca2a1cb3-e76d-4a44-9c44-0b5eb0426cf0}*SharedItemsImports = 9
	EndGlobalSection
	GlobalSection(SolutionConfigurationPlatforms) = preSolution
		Debug|Any CPU = Debug|Any CPU
		Debug|ARM = Debug|ARM
		Debug|ARM64 = Debug|ARM64
		Debug|x64 = Debug|x64
		Debug|x86 = Debug|x86
		Release|Any CPU = Release|Any CPU
		Release|ARM = Release|ARM
		Release|ARM64 = Release|ARM64
		Release|x64 = Release|x64
		Release|x86 = Release|x86
	EndGlobalSection
	GlobalSection(ProjectConfigurationPlatforms) = postSolution
		{B1F6C688-C962-450B-A64F-CD46E3C61B88}.Debug|Any CPU.ActiveCfg = Debug|x86
		{B1F6C688-C962-450B-A64F-CD46E3C61B88}.Debug|ARM.ActiveCfg = Debug|ARM
		{B1F6C688-C962-450B-A64F-CD46E3C61B88}.Debug|ARM.Build.0 = Debug|ARM
		{B1F6C688-C962-450B-A64F-CD46E3C61B88}.Debug|ARM.Deploy.0 = Debug|ARM
		{B1F6C688-C962-450B-A64F-CD46E3C61B88}.Debug|ARM64.ActiveCfg = Debug|ARM64
		{B1F6C688-C962-450B-A64F-CD46E3C61B88}.Debug|ARM64.Build.0 = Debug|ARM64
		{B1F6C688-C962-450B-A64F-CD46E3C61B88}.Debug|ARM64.Deploy.0 = Debug|ARM64
		{B1F6C688-C962-450B-A64F-CD46E3C61B88}.Debug|x64.ActiveCfg = Debug|ARM64
		{B1F6C688-C962-450B-A64F-CD46E3C61B88}.Debug|x64.Build.0 = Debug|ARM64
		{B1F6C688-C962-450B-A64F-CD46E3C61B88}.Debug|x64.Deploy.0 = Debug|ARM64
		{B1F6C688-C962-450B-A64F-CD46E3C61B88}.Debug|x86.ActiveCfg = Debug|x86
		{B1F6C688-C962-450B-A64F-CD46E3C61B88}.Debug|x86.Build.0 = Debug|x86
		{B1F6C688-C962-450B-A64F-CD46E3C61B88}.Debug|x86.Deploy.0 = Debug|x86
		{B1F6C688-C962-450B-A64F-CD46E3C61B88}.Release|Any CPU.ActiveCfg = Release|x86
		{B1F6C688-C962-450B-A64F-CD46E3C61B88}.Release|ARM.ActiveCfg = Release|ARM
		{B1F6C688-C962-450B-A64F-CD46E3C61B88}.Release|ARM.Build.0 = Release|ARM
		{B1F6C688-C962-450B-A64F-CD46E3C61B88}.Release|ARM.Deploy.0 = Release|ARM
		{B1F6C688-C962-450B-A64F-CD46E3C61B88}.Release|ARM64.ActiveCfg = Release|ARM64
		{B1F6C688-C962-450B-A64F-CD46E3C61B88}.Release|ARM64.Build.0 = Release|ARM64
		{B1F6C688-C962-450B-A64F-CD46E3C61B88}.Release|ARM64.Deploy.0 = Release|ARM64
		{B1F6C688-C962-450B-A64F-CD46E3C61B88}.Release|x64.ActiveCfg = Release|x64
		{B1F6C688-C962-450B-A64F-CD46E3C61B88}.Release|x64.Build.0 = Release|x64
		{B1F6C688-C962-450B-A64F-CD46E3C61B88}.Release|x64.Deploy.0 = Release|x64
		{B1F6C688-C962-450B-A64F-CD46E3C61B88}.Release|x86.ActiveCfg = Release|x86
		{B1F6C688-C962-450B-A64F-CD46E3C61B88}.Release|x86.Build.0 = Release|x86
		{B1F6C688-C962-450B-A64F-CD46E3C61B88}.Release|x86.Deploy.0 = Release|x86
		{B99E6339-699B-4076-9859-749B394D2690}.Debug|Any CPU.ActiveCfg = Debug|x86
		{B99E6339-699B-4076-9859-749B394D2690}.Debug|ARM.ActiveCfg = Debug|ARM
		{B99E6339-699B-4076-9859-749B394D2690}.Debug|ARM.Build.0 = Debug|ARM
		{B99E6339-699B-4076-9859-749B394D2690}.Debug|ARM64.ActiveCfg = Debug|ARM64
		{B99E6339-699B-4076-9859-749B394D2690}.Debug|ARM64.Build.0 = Debug|ARM64
		{B99E6339-699B-4076-9859-749B394D2690}.Debug|x64.ActiveCfg = Debug|ARM64
		{B99E6339-699B-4076-9859-749B394D2690}.Debug|x64.Build.0 = Debug|ARM64
		{B99E6339-699B-4076-9859-749B394D2690}.Debug|x86.ActiveCfg = Debug|x86
		{B99E6339-699B-4076-9859-749B394D2690}.Debug|x86.Build.0 = Debug|x86
		{B99E6339-699B-4076-9859-749B394D2690}.Release|Any CPU.ActiveCfg = Release|x86
		{B99E6339-699B-4076-9859-749B394D2690}.Release|ARM.ActiveCfg = Release|ARM
		{B99E6339-699B-4076-9859-749B394D2690}.Release|ARM.Build.0 = Release|ARM
		{B99E6339-699B-4076-9859-749B394D2690}.Release|ARM64.ActiveCfg = Release|ARM64
		{B99E6339-699B-4076-9859-749B394D2690}.Release|ARM64.Build.0 = Release|ARM64
		{B99E6339-699B-4076-9859-749B394D2690}.Release|x64.ActiveCfg = Release|x64
		{B99E6339-699B-4076-9859-749B394D2690}.Release|x64.Build.0 = Release|x64
		{B99E6339-699B-4076-9859-749B394D2690}.Release|x86.ActiveCfg = Release|x86
		{B99E6339-699B-4076-9859-749B394D2690}.Release|x86.Build.0 = Release|x86
		{BF3F4A78-38AC-41D9-82B9-B985399AFD49}.Debug|Any CPU.ActiveCfg = Debug|Win32
		{BF3F4A78-38AC-41D9-82B9-B985399AFD49}.Debug|ARM.ActiveCfg = Debug|Win32
		{BF3F4A78-38AC-41D9-82B9-B985399AFD49}.Debug|ARM64.ActiveCfg = Debug|Win32
		{BF3F4A78-38AC-41D9-82B9-B985399AFD49}.Debug|x64.ActiveCfg = Debug|x64
		{BF3F4A78-38AC-41D9-82B9-B985399AFD49}.Debug|x64.Build.0 = Debug|x64
		{BF3F4A78-38AC-41D9-82B9-B985399AFD49}.Debug|x86.ActiveCfg = Debug|x64
		{BF3F4A78-38AC-41D9-82B9-B985399AFD49}.Debug|x86.Build.0 = Debug|x64
		{BF3F4A78-38AC-41D9-82B9-B985399AFD49}.Release|Any CPU.ActiveCfg = Release|Win32
		{BF3F4A78-38AC-41D9-82B9-B985399AFD49}.Release|ARM.ActiveCfg = Release|Win32
		{BF3F4A78-38AC-41D9-82B9-B985399AFD49}.Release|ARM64.ActiveCfg = Release|Win32
		{BF3F4A78-38AC-41D9-82B9-B985399AFD49}.Release|x64.ActiveCfg = Release|x64
		{BF3F4A78-38AC-41D9-82B9-B985399AFD49}.Release|x64.Build.0 = Release|x64
		{BF3F4A78-38AC-41D9-82B9-B985399AFD49}.Release|x86.ActiveCfg = Release|Win32
		{BF3F4A78-38AC-41D9-82B9-B985399AFD49}.Release|x86.Build.0 = Release|Win32
		{1E173D04-266F-4279-AC66-340400219408}.Debug|Any CPU.ActiveCfg = Debug|x64
		{1E173D04-266F-4279-AC66-340400219408}.Debug|Any CPU.Build.0 = Debug|x64
		{1E173D04-266F-4279-AC66-340400219408}.Debug|ARM.ActiveCfg = Debug|x64
		{1E173D04-266F-4279-AC66-340400219408}.Debug|ARM.Build.0 = Debug|x64
		{1E173D04-266F-4279-AC66-340400219408}.Debug|ARM64.ActiveCfg = Debug|x64
		{1E173D04-266F-4279-AC66-340400219408}.Debug|ARM64.Build.0 = Debug|x64
		{1E173D04-266F-4279-AC66-340400219408}.Debug|x64.ActiveCfg = Debug|x64
		{1E173D04-266F-4279-AC66-340400219408}.Debug|x64.Build.0 = Debug|x64
		{1E173D04-266F-4279-AC66-340400219408}.Debug|x86.ActiveCfg = Debug|Win32
		{1E173D04-266F-4279-AC66-340400219408}.Debug|x86.Build.0 = Debug|Win32
		{1E173D04-266F-4279-AC66-340400219408}.Release|Any CPU.ActiveCfg = Release|x64
		{1E173D04-266F-4279-AC66-340400219408}.Release|Any CPU.Build.0 = Release|x64
		{1E173D04-266F-4279-AC66-340400219408}.Release|ARM.ActiveCfg = Release|x64
		{1E173D04-266F-4279-AC66-340400219408}.Release|ARM.Build.0 = Release|x64
		{1E173D04-266F-4279-AC66-340400219408}.Release|ARM64.ActiveCfg = Release|x64
		{1E173D04-266F-4279-AC66-340400219408}.Release|ARM64.Build.0 = Release|x64
		{1E173D04-266F-4279-AC66-340400219408}.Release|x64.ActiveCfg = Release|x64
		{1E173D04-266F-4279-AC66-340400219408}.Release|x64.Build.0 = Release|x64
		{1E173D04-266F-4279-AC66-340400219408}.Release|x86.ActiveCfg = Release|Win32
		{1E173D04-266F-4279-AC66-340400219408}.Release|x86.Build.0 = Release|Win32
	EndGlobalSection
	GlobalSection(SolutionProperties) = preSolution
		HideSolutionNode = FALSE
	EndGlobalSection
	GlobalSection(NestedProjects) = preSolution
		{B1F6C688-C962-450B-A64F-CD46E3C61B88} = {90A04D01-3BC9-4D1A-93C9-41D822215892}
		{B99E6339-699B-4076-9859-749B394D2690} = {90A04D01-3BC9-4D1A-93C9-41D822215892}
		{BF3F4A78-38AC-41D9-82B9-B985399AFD49} = {90A04D01-3BC9-4D1A-93C9-41D822215892}
		{CA2A1CB3-E76D-4A44-9C44-0B5EB0426CF0} = {8F9CC9DE-4C43-4081-AB36-B69A72CB954E}
	EndGlobalSection
	GlobalSection(ExtensibilityGlobals) = postSolution
		SolutionGuid = {4C1DBC03-B889-4481-A413-4724CCC16517}
	EndGlobalSection
EndGlobal
