<?xml version="1.0" encoding="utf-8"?>
<Project ToolsVersion="4.0" xmlns="http://schemas.microsoft.com/developer/msbuild/2003">
  <ItemGroup>
    <ClCompile Include="$(MSBuildThisFileDirectory)..\..\deps\lodepng\lodepng.cpp">
      <Filter>deps\lodepng</Filter>
    </ClCompile>
    <ClCompile Include="$(MSBuildThisFileDirectory)..\..\deps\pugixml\src\pugixml.cpp">
      <Filter>deps\pugixml</Filter>
    </ClCompile>
    <ClCompile Include="$(MSBuildThisFileDirectory)platform\implementations\openal.cpp">
      <Filter>platform\implementations</Filter>
    </ClCompile>
    <ClCompile Include="$(MSBuildThisFileDirectory)platform\implementations\opengl.cpp">
      <Filter>platform\implementations</Filter>
    </ClCompile>
    <ClCompile Include="$(MSBuildThisFileDirectory)platform\implementations\opensl.cpp">
      <Filter>platform\implementations</Filter>
    </ClCompile>
    <ClCompile Include="$(MSBuildThisFileDirectory)platform\implementations\android.cpp">
      <Filter>platform\implementations</Filter>
    </ClCompile>
    <ClCompile Include="$(MSBuildThisFileDirectory)utilities\spatial.cpp">
      <Filter>utilities</Filter>
    </ClCompile>
    <ClCompile Include="$(MSBuildThisFileDirectory)utilities\common.cpp">
      <Filter>utilities</Filter>
    </ClCompile>
    <ClCompile Include="$(MSBuildThisFileDirectory)platform\implementations\windows.cpp">
      <Filter>platform\implementations</Filter>
    </ClCompile>
    <ClCompile Include="$(MSBuildThisFileDirectory)platform\implementations\posix.cpp">
      <Filter>platform\implementations</Filter>
    </ClCompile>
    <ClCompile Include="$(MSBuildThisFileDirectory)platform\implementations\universal.cpp">
      <Filter>platform\implementations</Filter>
    </ClCompile>
    <ClCompile Include="$(MSBuildThisFileDirectory)..\..\deps\miniz-2.2.0\miniz.c">
      <Filter>deps\miniz</Filter>
    </ClCompile>
    <ClCompile Include="$(MSBuildThisFileDirectory)prototype.cpp" />
  </ItemGroup>
  <ItemGroup>
    <ClInclude Include="$(MSBuildThisFileDirectory)..\..\deps\lodepng\lodepng.h">
      <Filter>deps\lodepng</Filter>
    </ClInclude>
    <ClInclude Include="$(MSBuildThisFileDirectory)..\..\deps\pugixml\src\pugiconfig.hpp">
      <Filter>deps\pugixml</Filter>
    </ClInclude>
    <ClInclude Include="$(MSBuildThisFileDirectory)..\..\deps\pugixml\src\pugixml.hpp">
      <Filter>deps\pugixml</Filter>
    </ClInclude>
    <ClInclude Include="$(MSBuildThisFileDirectory)..\..\deps\picojson\picojson.h">
      <Filter>deps\picojson</Filter>
    </ClInclude>
    <ClInclude Include="$(MSBuildThisFileDirectory)platform\interfaces\audio.hpp">
      <Filter>platform\interfaces</Filter>
    </ClInclude>
    <ClInclude Include="$(MSBuildThisFileDirectory)platform\interfaces\filesystem.hpp">
      <Filter>platform\interfaces</Filter>
    </ClInclude>
    <ClInclude Include="$(MSBuildThisFileDirectory)platform\interfaces\graphics.hpp">
      <Filter>platform\interfaces</Filter>
    </ClInclude>
    <ClInclude Include="$(MSBuildThisFileDirectory)platform\interfaces\input.hpp">
      <Filter>platform\interfaces</Filter>
    </ClInclude>
    <ClInclude Include="$(MSBuildThisFileDirectory)platform\interfaces\network.hpp">
      <Filter>platform\interfaces</Filter>
    </ClInclude>
    <ClInclude Include="$(MSBuildThisFileDirectory)platform\implementations\openal.hpp">
      <Filter>platform\implementations</Filter>
    </ClInclude>
    <ClInclude Include="$(MSBuildThisFileDirectory)platform\implementations\opengl.hpp">
      <Filter>platform\implementations</Filter>
    </ClInclude>
    <ClInclude Include="$(MSBuildThisFileDirectory)platform\implementations\opensl.hpp">
      <Filter>platform\implementations</Filter>
    </ClInclude>
    <ClInclude Include="$(MSBuildThisFileDirectory)types\interfaces\audio.hpp">
      <Filter>types\interfaces</Filter>
    </ClInclude>
    <ClInclude Include="$(MSBuildThisFileDirectory)types\interfaces\entity.hpp">
      <Filter>types\interfaces</Filter>
    </ClInclude>
    <ClInclude Include="$(MSBuildThisFileDirectory)types\interfaces\font.hpp">
      <Filter>types\interfaces</Filter>
    </ClInclude>
    <ClInclude Include="$(MSBuildThisFileDirectory)types\interfaces\image.hpp">
      <Filter>types\interfaces</Filter>
    </ClInclude>
    <ClInclude Include="$(MSBuildThisFileDirectory)types\interfaces\material.hpp">
      <Filter>types\interfaces</Filter>
    </ClInclude>
    <ClInclude Include="$(MSBuildThisFileDirectory)types\interfaces\object.hpp">
      <Filter>types\interfaces</Filter>
    </ClInclude>
    <ClInclude Include="$(MSBuildThisFileDirectory)types\interfaces\program.hpp">
      <Filter>types\interfaces</Filter>
    </ClInclude>
    <ClInclude Include="$(MSBuildThisFileDirectory)types\interfaces\shader.hpp">
      <Filter>types\interfaces</Filter>
    </ClInclude>
    <ClInclude Include="$(MSBuildThisFileDirectory)engine.hpp" />
    <ClInclude Include="$(MSBuildThisFileDirectory)utilities\type_cast.hpp">
      <Filter>utilities</Filter>
    </ClInclude>
    <ClInclude Include="$(MSBuildThisFileDirectory)..\..\deps\zstream-cpp\izstream.hpp">
      <Filter>deps\zstream</Filter>
    </ClInclude>
    <ClInclude Include="$(MSBuildThisFileDirectory)..\..\deps\zstream-cpp\izstream_impl.hpp">
      <Filter>deps\zstream</Filter>
    </ClInclude>
    <ClInclude Include="$(MSBuildThisFileDirectory)..\..\deps\zstream-cpp\ozstream.hpp">
      <Filter>deps\zstream</Filter>
    </ClInclude>
    <ClInclude Include="$(MSBuildThisFileDirectory)..\..\deps\zstream-cpp\ozstream_impl.hpp">
      <Filter>deps\zstream</Filter>
    </ClInclude>
    <ClInclude Include="$(MSBuildThisFileDirectory)types\formats\fnt.hpp">
      <Filter>types\formats</Filter>
    </ClInclude>
    <ClInclude Include="$(MSBuildThisFileDirectory)types\formats\frag.hpp">
      <Filter>types\formats</Filter>
    </ClInclude>
    <ClInclude Include="$(MSBuildThisFileDirectory)types\formats\mtl.hpp">
      <Filter>types\formats</Filter>
    </ClInclude>
    <ClInclude Include="$(MSBuildThisFileDirectory)types\formats\obj.hpp">
      <Filter>types\formats</Filter>
    </ClInclude>
    <ClInclude Include="$(MSBuildThisFileDirectory)types\formats\png.hpp">
      <Filter>types\formats</Filter>
    </ClInclude>
    <ClInclude Include="$(MSBuildThisFileDirectory)types\formats\tga.hpp">
      <Filter>types\formats</Filter>
    </ClInclude>
    <ClInclude Include="$(MSBuildThisFileDirectory)types\formats\vert.hpp">
      <Filter>types\formats</Filter>
    </ClInclude>
    <ClInclude Include="$(MSBuildThisFileDirectory)types\formats\wav.hpp">
      <Filter>types\formats</Filter>
    </ClInclude>
    <ClInclude Include="$(MSBuildThisFileDirectory)platform\implementations\android.hpp">
      <Filter>platform\implementations</Filter>
    </ClInclude>
    <ClInclude Include="$(MSBuildThisFileDirectory)platform\interfaces\assets.hpp">
      <Filter>platform\interfaces</Filter>
    </ClInclude>
    <ClInclude Include="$(MSBuildThisFileDirectory)utilities\spatial.hpp">
      <Filter>utilities</Filter>
    </ClInclude>
    <ClInclude Include="$(MSBuildThisFileDirectory)utilities\common.hpp">
      <Filter>utilities</Filter>
    </ClInclude>
    <ClInclude Include="$(MSBuildThisFileDirectory)platform\implementations\windows.hpp">
      <Filter>platform\implementations</Filter>
    </ClInclude>
    <ClInclude Include="$(MSBuildThisFileDirectory)platform\implementations\posix.hpp">
      <Filter>platform\implementations</Filter>
    </ClInclude>
    <ClInclude Include="$(MSBuildThisFileDirectory)platform\implementations\universal.hpp">
      <Filter>platform\implementations</Filter>
    </ClInclude>
    <ClInclude Include="$(MSBuildThisFileDirectory)platform\interfaces\application.hpp">
      <Filter>platform\interfaces</Filter>
    </ClInclude>
    <ClInclude Include="$(MSBuildThisFileDirectory)types\formats\fbx.hpp">
      <Filter>types\formats</Filter>
    </ClInclude>
    <ClInclude Include="$(MSBuildThisFileDirectory)types\interfaces\info.hpp">
      <Filter>types\interfaces</Filter>
    </ClInclude>
    <ClInclude Include="$(MSBuildThisFileDirectory)platform\interfaces\interface.hpp">
      <Filter>platform\interfaces</Filter>
    </ClInclude>
    <ClInclude Include="$(MSBuildThisFileDirectory)..\..\deps\miniz-2.2.0\miniz.h">
      <Filter>deps\miniz</Filter>
    </ClInclude>
    <ClInclude Include="$(MSBuildThisFileDirectory)prototype.hpp" />
  </ItemGroup>
  <ItemGroup>
    <Filter Include="deps">
      <UniqueIdentifier>{b9974237-2a0f-45b1-b837-616b302cd381}</UniqueIdentifier>
    </Filter>
    <Filter Include="deps\lodepng">
      <UniqueIdentifier>{19b8cb77-8a66-4d28-a41a-f4dc9bbd37ec}</UniqueIdentifier>
    </Filter>
    <Filter Include="deps\picojson">
      <UniqueIdentifier>{7bb10da1-6d2f-4feb-ad19-eef58b905bde}</UniqueIdentifier>
    </Filter>
    <Filter Include="deps\pugixml">
      <UniqueIdentifier>{5905b3c6-2c68-4e23-9523-a8b9dfbc4182}</UniqueIdentifier>
    </Filter>
    <Filter Include="platform">
      <UniqueIdentifier>{41ad95c6-9f32-4a85-bb1b-dd92ee0e13d2}</UniqueIdentifier>
    </Filter>
    <Filter Include="types">
      <UniqueIdentifier>{92ea1633-4703-468a-a345-90ed0f8405b8}</UniqueIdentifier>
    </Filter>
    <Filter Include="types\interfaces">
      <UniqueIdentifier>{bd6827f0-e655-4e3c-a0bd-f036975b7d08}</UniqueIdentifier>
    </Filter>
    <Filter Include="platform\implementations">
      <UniqueIdentifier>{ef68e275-c312-443c-b739-ee94111ddc64}</UniqueIdentifier>
    </Filter>
    <Filter Include="platform\interfaces">
      <UniqueIdentifier>{1c2cc555-f637-4236-bfd0-7ee6c31eb6fc}</UniqueIdentifier>
    </Filter>
    <Filter Include="utilities">
      <UniqueIdentifier>{8f4d8d4f-52c4-46d3-b232-3341d73c4d00}</UniqueIdentifier>
    </Filter>
    <Filter Include="deps\zstream">
      <UniqueIdentifier>{11cadb0f-627b-4e32-95dc-cc0a51c24bb8}</UniqueIdentifier>
    </Filter>
    <Filter Include="types\formats">
      <UniqueIdentifier>{ce128ed7-4f3f-4f53-9afa-5365b7d4366c}</UniqueIdentifier>
    </Filter>
    <Filter Include="deps\miniz">
      <UniqueIdentifier>{b31ab9ae-202f-4735-bf7f-270a845bfcc8}</UniqueIdentifier>
    </Filter>
  </ItemGroup>
</Project>