<?xml version="1.0" encoding="utf-8"?>
<Project ToolsVersion="4.0" xmlns="http://schemas.microsoft.com/developer/msbuild/2003">
  <ItemGroup>
    <ClInclude Include="pch.h" />
    <ClInclude Include="android_native_app_glue.h" />
  </ItemGroup>
  <ItemGroup>
    <ClCompile Include="android_native_app_glue.c" />
    <ClCompile Include="main.cpp" />
  </ItemGroup>
  <ItemGroup>
    <Filter Include="res">
      <UniqueIdentifier>{df38cf5d-efbd-4b37-84a0-d4e0398ce57e}</UniqueIdentifier>
    </Filter>
    <Filter Include="res\values">
      <UniqueIdentifier>{d4ead712-4c16-4589-bfd4-aab23dcf22a6}</UniqueIdentifier>
    </Filter>
  </ItemGroup>
  <ItemGroup>
    <Xml Include="res\values\strings.xml">
      <Filter>res\values</Filter>
    </Xml>
  </ItemGroup>
</Project>